
Microsoft Visual Studio Solution File, Format Version 12.00
# Visual Studio Version 17
VisualStudioVersion = 17.4.33122.133
MinimumVisualStudioVersion = 10.0.40219.1
Project("{FAE04EC0-301F-11D3-BF4B-00C04F79EFBC}") = "WaterProject", "Water\WaterProject.csproj", "{6463E794-F96F-470E-BC55-206D62AB6408}"
EndProject
Project("{FAE04EC0-301F-11D3-BF4B-00C04F79EFBC}") = "WaterTests", "WaterTests\WaterTests.csproj", "{2218F9D3-8213-4748-812D-936CDB0723BF}"
EndProject
Global
	GlobalSection(SolutionConfigurationPlatforms) = preSolution
		Debug|Any CPU = Debug|Any CPU
		Release|Any CPU = Release|Any CPU
	EndGlobalSection
	GlobalSection(ProjectConfigurationPlatforms) = postSolution
		{6463E794-F96F-470E-BC55-206D62AB6408}.Debug|Any CPU.ActiveCfg = Debug|Any CPU
		{6463E794-F96F-470E-BC55-206D62AB6408}.Debug|Any CPU.Build.0 = Debug|Any CPU
		{6463E794-F96F-470E-BC55-206D62AB6408}.Release|Any CPU.ActiveCfg = Release|Any CPU
		{6463E794-F96F-470E-BC55-206D62AB6408}.Release|Any CPU.Build.0 = Release|Any CPU
		{2218F9D3-8213-4748-812D-936CDB0723BF}.Debug|Any CPU.ActiveCfg = Debug|Any CPU
		{2218F9D3-8213-4748-812D-936CDB0723BF}.Debug|Any CPU.Build.0 = Debug|Any CPU
		{2218F9D3-8213-4748-812D-936CDB0723BF}.Release|Any CPU.ActiveCfg = Release|Any CPU
		{2218F9D3-8213-4748-812D-936CDB0723BF}.Release|Any CPU.Build.0 = Release|Any CPU
	EndGlobalSection
	GlobalSection(SolutionProperties) = preSolution
		HideSolutionNode = FALSE
	EndGlobalSection
	GlobalSection(ExtensibilityGlobals) = postSolution
		SolutionGuid = {5EF15F0B-B73C-44CF-AB6C-72D8A5D1DD2D}
	EndGlobalSection
EndGlobal
